// !$*UTF8*$!
{
	archiveVersion = 1;
	classes = {
	};
	objectVersion = 77;
	objects = {

/* Begin PBXContainerItemProxy section */
		9D03EECF2E871F5C00F3333B /* PBXContainerItemProxy */ = {
			isa = PBXContainerItemProxy;
			containerPortal = 9D03EEB92E871F5B00F3333B /* Project object */;
			proxyType = 1;
			remoteGlobalIDString = 9D03EEC02E871F5B00F3333B;
			remoteInfo = ColoradoWeather;
		};
		9D03EED92E871F5C00F3333B /* PBXContainerItemProxy */ = {
			isa = PBXContainerItemProxy;
			containerPortal = 9D03EEB92E871F5B00F3333B /* Project object */;
			proxyType = 1;
			remoteGlobalIDString = 9D03EEC02E871F5B00F3333B;
			remoteInfo = ColoradoWeather;
		};
/* End PBXContainerItemProxy section */

/* Begin PBXFileReference section */
		9D03EEC12E871F5B00F3333B /* ColoradoWeather.app */ = {isa = PBXFileReference; explicitFileType = wrapper.application; includeInIndex = 0; path = ColoradoWeather.app; sourceTree = BUILT_PRODUCTS_DIR; };
		9D03EECE2E871F5C00F3333B /* ColoradoWeatherTests.xctest */ = {isa = PBXFileReference; explicitFileType = wrapper.cfbundle; includeInIndex = 0; path = ColoradoWeatherTests.xctest; sourceTree = BUILT_PRODUCTS_DIR; };
		9D03EED82E871F5C00F3333B /* ColoradoWeatherUITests.xctest */ = {isa = PBXFileReference; explicitFileType = wrapper.cfbundle; includeInIndex = 0; path = ColoradoWeatherUITests.xctest; sourceTree = BUILT_PRODUCTS_DIR; };
/* End PBXFileReference section */

/* Begin PBXFileSystemSynchronizedRootGroup section */
		9D03EEC32E871F5B00F3333B /* ColoradoWeather */ = {
			isa = PBXFileSystemSynchronizedRootGroup;
			path = ColoradoWeather;
			sourceTree = "<group>";
		};
		9D03EED12E871F5C00F3333B /* ColoradoWeatherTests */ = {
			isa = PBXFileSystemSynchronizedRootGroup;
			path = ColoradoWeatherTests;
			sourceTree = "<group>";
		};
		9D03EEDB2E871F5C00F3333B /* ColoradoWeatherUITests */ = {
			isa = PBXFileSystemSynchronizedRootGroup;
			path = ColoradoWeatherUITests;
			sourceTree = "<group>";
		};
/* End PBXFileSystemSynchronizedRootGroup section */

/* Begin PBXFrameworksBuildPhase section */
		9D03EEBE2E871F5B00F3333B /* Frameworks */ = {
			isa = PBXFrameworksBuildPhase;
			buildActionMask = 2147483647;
			files = (
			);
			runOnlyForDeploymentPostprocessing = 0;
		};
		9D03EECB2E871F5C00F3333B /* Frameworks */ = {
			isa = PBXFrameworksBuildPhase;
			buildActionMask = 2147483647;
			files = (
			);
			runOnlyForDeploymentPostprocessing = 0;
		};
		9D03EED52E871F5C00F3333B /* Frameworks */ = {
			isa = PBXFrameworksBuildPhase;
			buildActionMask = 2147483647;
			files = (
			);
			runOnlyForDeploymentPostprocessing = 0;
		};
/* End PBXFrameworksBuildPhase section */

/* Begin PBXGroup section */
		9D03EEB82E871F5B00F3333B = {
			isa = PBXGroup;
			children = (
				9D03EEC32E871F5B00F3333B /* ColoradoWeather */,
				9D03EED12E871F5C00F3333B /* ColoradoWeatherTests */,
				9D03EEDB2E871F5C00F3333B /* ColoradoWeatherUITests */,
				9D03EEC22E871F5B00F3333B /* Products */,
			);
			sourceTree = "<group>";
		};
		9D03EEC22E871F5B00F3333B /* Products */ = {
			isa = PBXGroup;
			children = (
				9D03EEC12E871F5B00F3333B /* ColoradoWeather.app */,
				9D03EECE2E871F5C00F3333B /* ColoradoWeatherTests.xctest */,
				9D03EED82E871F5C00F3333B /* ColoradoWeatherUITests.xctest */,
			);
			name = Products;
			sourceTree = "<group>";
		};
/* End PBXGroup section */

/* Begin PBXNativeTarget section */
		9D03EEC02E871F5B00F3333B /* ColoradoWeather */ = {
			isa = PBXNativeTarget;
			buildConfigurationList = 9D03EEE22E871F5C00F3333B /* Build configuration list for PBXNativeTarget "ColoradoWeather" */;
			buildPhases = (
				9D03EEBD2E871F5B00F3333B /* Sources */,
				9D03EEBE2E871F5B00F3333B /* Frameworks */,
				9D03EEBF2E871F5B00F3333B /* Resources */,
			);
			buildRules = (
			);
			dependencies = (
			);
			fileSystemSynchronizedGroups = (
				9D03EEC32E871F5B00F3333B /* ColoradoWeather */,
			);
			name = ColoradoWeather;
			packageProductDependencies = (
			);
			productName = ColoradoWeather;
			productReference = 9D03EEC12E871F5B00F3333B /* ColoradoWeather.app */;
			productType = "com.apple.product-type.application";
		};
		9D03EECD2E871F5C00F3333B /* ColoradoWeatherTests */ = {
			isa = PBXNativeTarget;
			buildConfigurationList = 9D03EEE52E871F5C00F3333B /* Build configuration list for PBXNativeTarget "ColoradoWeatherTests" */;
			buildPhases = (
				9D03EECA2E871F5C00F3333B /* Sources */,
				9D03EECB2E871F5C00F3333B /* Frameworks */,
				9D03EECC2E871F5C00F3333B /* Resources */,
			);
			buildRules = (
			);
			dependencies = (
				9D03EED02E871F5C00F3333B /* PBXTargetDependency */,
			);
			fileSystemSynchronizedGroups = (
				9D03EED12E871F5C00F3333B /* ColoradoWeatherTests */,
			);
			name = ColoradoWeatherTests;
			packageProductDependencies = (
			);
			productName = ColoradoWeatherTests;
			productReference = 9D03EECE2E871F5C00F3333B /* ColoradoWeatherTests.xctest */;
			productType = "com.apple.product-type.bundle.unit-test";
		};
		9D03EED72E871F5C00F3333B /* ColoradoWeatherUITests */ = {
			isa = PBXNativeTarget;
			buildConfigurationList = 9D03EEE82E871F5C00F3333B /* Build configuration list for PBXNativeTarget "ColoradoWeatherUITests" */;
			buildPhases = (
				9D03EED42E871F5C00F3333B /* Sources */,
				9D03EED52E871F5C00F3333B /* Frameworks */,
				9D03EED62E871F5C00F3333B /* Resources */,
			);
			buildRules = (
			);
			dependencies = (
				9D03EEDA2E871F5C00F3333B /* PBXTargetDependency */,
			);
			fileSystemSynchronizedGroups = (
				9D03EEDB2E871F5C00F3333B /* ColoradoWeatherUITests */,
			);
			name = ColoradoWeatherUITests;
			packageProductDependencies = (
			);
			productName = ColoradoWeatherUITests;
			productReference = 9D03EED82E871F5C00F3333B /* ColoradoWeatherUITests.xctest */;
			productType = "com.apple.product-type.bundle.ui-testing";
		};
/* End PBXNativeTarget section */

/* Begin PBXProject section */
		9D03EEB92E871F5B00F3333B /* Project object */ = {
			isa = PBXProject;
			attributes = {
				BuildIndependentTargetsInParallel = 1;
				LastSwiftUpdateCheck = 1640;
				LastUpgradeCheck = 1640;
				TargetAttributes = {
					9D03EEC02E871F5B00F3333B = {
						CreatedOnToolsVersion = 16.4;
					};
					9D03EECD2E871F5C00F3333B = {
						CreatedOnToolsVersion = 16.4;
						TestTargetID = 9D03EEC02E871F5B00F3333B;
					};
					9D03EED72E871F5C00F3333B = {
						CreatedOnToolsVersion = 16.4;
						TestTargetID = 9D03EEC02E871F5B00F3333B;
					};
				};
			};
			buildConfigurationList = 9D03EEBC2E871F5B00F3333B /* Build configuration list for PBXProject "ColoradoWeather" */;
			developmentRegion = en;
			hasScannedForEncodings = 0;
			knownRegions = (
				en,
				Base,
			);
			mainGroup = 9D03EEB82E871F5B00F3333B;
			minimizedProjectReferenceProxies = 1;
			preferredProjectObjectVersion = 77;
			productRefGroup = 9D03EEC22E871F5B00F3333B /* Products */;
			projectDirPath = "";
			projectRoot = "";
			targets = (
				9D03EEC02E871F5B00F3333B /* ColoradoWeather */,
				9D03EECD2E871F5C00F3333B /* ColoradoWeatherTests */,
				9D03EED72E871F5C00F3333B /* ColoradoWeatherUITests */,
			);
		};
/* End PBXProject section */

/* Begin PBXResourcesBuildPhase section */
		9D03EEBF2E871F5B00F3333B /* Resources */ = {
			isa = PBXResourcesBuildPhase;
			buildActionMask = 2147483647;
			files = (
			);
			runOnlyForDeploymentPostprocessing = 0;
		};
		9D03EECC2E871F5C00F3333B /* Resources */ = {
			isa = PBXResourcesBuildPhase;
			buildActionMask = 2147483647;
			files = (
			);
			runOnlyForDeploymentPostprocessing = 0;
		};
		9D03EED62E871F5C00F3333B /* Resources */ = {
			isa = PBXResourcesBuildPhase;
			buildActionMask = 2147483647;
			files = (
			);
			runOnlyForDeploymentPostprocessing = 0;
		};
/* End PBXResourcesBuildPhase section */

/* Begin PBXSourcesBuildPhase section */
		9D03EEBD2E871F5B00F3333B /* Sources */ = {
			isa = PBXSourcesBuildPhase;
			buildActionMask = 2147483647;
			files = (
			);
			runOnlyForDeploymentPostprocessing = 0;
		};
		9D03EECA2E871F5C00F3333B /* Sources */ = {
			isa = PBXSourcesBuildPhase;
			buildActionMask = 2147483647;
			files = (
			);
			runOnlyForDeploymentPostprocessing = 0;
		};
		9D03EED42E871F5C00F3333B /* Sources */ = {
			isa = PBXSourcesBuildPhase;
			buildActionMask = 2147483647;
			files = (
			);
			runOnlyForDeploymentPostprocessing = 0;
		};
/* End PBXSourcesBuildPhase section */

/* Begin PBXTargetDependency section */
		9D03EED02E871F5C00F3333B /* PBXTargetDependency */ = {
			isa = PBXTargetDependency;
			target = 9D03EEC02E871F5B00F3333B /* ColoradoWeather */;
			targetProxy = 9D03EECF2E871F5C00F3333B /* PBXContainerItemProxy */;
		};
		9D03EEDA2E871F5C00F3333B /* PBXTargetDependency */ = {
			isa = PBXTargetDependency;
			target = 9D03EEC02E871F5B00F3333B /* ColoradoWeather */;
			targetProxy = 9D03EED92E871F5C00F3333B /* PBXContainerItemProxy */;
		};
/* End PBXTargetDependency section */

/* Begin XCBuildConfiguration section */
		9D03EEE02E871F5C00F3333B /* Debug */ = {
			isa = XCBuildConfiguration;
			buildSettings = {
				ALWAYS_SEARCH_USER_PATHS = NO;
				ASSETCATALOG_COMPILER_GENERATE_SWIFT_ASSET_SYMBOL_EXTENSIONS = YES;
				CLANG_ANALYZER_NONNULL = YES;
				CLANG_ANALYZER_NUMBER_OBJECT_CONVERSION = YES_AGGRESSIVE;
				CLANG_CXX_LANGUAGE_STANDARD = "gnu++20";
				CLANG_ENABLE_MODULES = YES;
				CLANG_ENABLE_OBJC_ARC = YES;
				CLANG_ENABLE_OBJC_WEAK = YES;
				CLANG_WARN_BLOCK_CAPTURE_AUTORELEASING = YES;
				CLANG_WARN_BOOL_CONVERSION = YES;
				CLANG_WARN_COMMA = YES;
				CLANG_WARN_CONSTANT_CONVERSION = YES;
				CLANG_WARN_DEPRECATED_OBJC_IMPLEMENTATIONS = YES;
				CLANG_WARN_DIRECT_OBJC_ISA_USAGE = YES_ERROR;
				CLANG_WARN_DOCUMENTATION_COMMENTS = YES;
				CLANG_WARN_EMPTY_BODY = YES;
				CLANG_WARN_ENUM_CONVERSION = YES;
				CLANG_WARN_INFINITE_RECURSION = YES;
				CLANG_WARN_INT_CONVERSION = YES;
				CLANG_WARN_NON_LITERAL_NULL_CONVERSION = YES;
				CLANG_WARN_OBJC_IMPLICIT_RETAIN_SELF = YES;
				CLANG_WARN_OBJC_LITERAL_CONVERSION = YES;
				CLANG_WARN_OBJC_ROOT_CLASS = YES_ERROR;
				CLANG_WARN_QUOTED_INCLUDE_IN_FRAMEWORK_HEADER = YES;
				CLANG_WARN_RANGE_LOOP_ANALYSIS = YES;
				CLANG_WARN_STRICT_PROTOTYPES = YES;
				CLANG_WARN_SUSPICIOUS_MOVE = YES;
				CLANG_WARN_UNGUARDED_AVAILABILITY = YES_AGGRESSIVE;
				CLANG_WARN_UNREACHABLE_CODE = YES;
				CLANG_WARN__DUPLICATE_METHOD_MATCH = YES;
				COPY_PHASE_STRIP = NO;
				DEBUG_INFORMATION_FORMAT = dwarf;
				DEVELOPMENT_TEAM = Q48796JV8T;
				ENABLE_STRICT_OBJC_MSGSEND = YES;
				ENABLE_TESTABILITY = YES;
				ENABLE_USER_SCRIPT_SANDBOXING = YES;
				GCC_C_LANGUAGE_STANDARD = gnu17;
				GCC_DYNAMIC_NO_PIC = NO;
				GCC_NO_COMMON_BLOCKS = YES;
				GCC_OPTIMIZATION_LEVEL = 0;
				GCC_PREPROCESSOR_DEFINITIONS = (
					"DEBUG=1",
					"$(inherited)",
				);
				GCC_WARN_64_TO_32_BIT_CONVERSION = YES;
				GCC_WARN_ABOUT_RETURN_TYPE = YES_ERROR;
				GCC_WARN_UNDECLARED_SELECTOR = YES;
				GCC_WARN_UNINITIALIZED_AUTOS = YES_AGGRESSIVE;
				GCC_WARN_UNUSED_FUNCTION = YES;
				GCC_WARN_UNUSED_VARIABLE = YES;
				IPHONEOS_DEPLOYMENT_TARGET = 18.5;
				LOCALIZATION_PREFERS_STRING_CATALOGS = YES;
				MTL_ENABLE_DEBUG_INFO = INCLUDE_SOURCE;
				MTL_FAST_MATH = YES;
				ONLY_ACTIVE_ARCH = YES;
				SDKROOT = iphoneos;
				SWIFT_ACTIVE_COMPILATION_CONDITIONS = "DEBUG $(inherited)";
				SWIFT_OPTIMIZATION_LEVEL = "-Onone";
			};
			name = Debug;
		};
		9D03EEE12E871F5C00F3333B /* Release */ = {
			isa = XCBuildConfiguration;
			buildSettings = {
				ALWAYS_SEARCH_USER_PATHS = NO;
				ASSETCATALOG_COMPILER_GENERATE_SWIFT_ASSET_SYMBOL_EXTENSIONS = YES;
				CLANG_ANALYZER_NONNULL = YES;
				CLANG_ANALYZER_NUMBER_OBJECT_CONVERSION = YES_AGGRESSIVE;
				CLANG_CXX_LANGUAGE_STANDARD = "gnu++20";
				CLANG_ENABLE_MODULES = YES;
				CLANG_ENABLE_OBJC_ARC = YES;
				CLANG_ENABLE_OBJC_WEAK = YES;
				CLANG_WARN_BLOCK_CAPTURE_AUTORELEASING = YES;
				CLANG_WARN_BOOL_CONVERSION = YES;
				CLANG_WARN_COMMA = YES;
				CLANG_WARN_CONSTANT_CONVERSION = YES;
				CLANG_WARN_DEPRECATED_OBJC_IMPLEMENTATIONS = YES;
				CLANG_WARN_DIRECT_OBJC_ISA_USAGE = YES_ERROR;
				CLANG_WARN_DOCUMENTATION_COMMENTS = YES;
				CLANG_WARN_EMPTY_BODY = YES;
				CLANG_WARN_ENUM_CONVERSION = YES;
				CLANG_WARN_INFINITE_RECURSION = YES;
				CLANG_WARN_INT_CONVERSION = YES;
				CLANG_WARN_NON_LITERAL_NULL_CONVERSION = YES;
				CLANG_WARN_OBJC_IMPLICIT_RETAIN_SELF = YES;
				CLANG_WARN_OBJC_LITERAL_CONVERSION = YES;
				CLANG_WARN_OBJC_ROOT_CLASS = YES_ERROR;
				CLANG_WARN_QUOTED_INCLUDE_IN_FRAMEWORK_HEADER = YES;
				CLANG_WARN_RANGE_LOOP_ANALYSIS = YES;
				CLANG_WARN_STRICT_PROTOTYPES = YES;
				CLANG_WARN_SUSPICIOUS_MOVE = YES;
				CLANG_WARN_UNGUARDED_AVAILABILITY = YES_AGGRESSIVE;
				CLANG_WARN_UNREACHABLE_CODE = YES;
				CLANG_WARN__DUPLICATE_METHOD_MATCH = YES;
				COPY_PHASE_STRIP = NO;
				DEBUG_INFORMATION_FORMAT = "dwarf-with-dsym";
				DEVELOPMENT_TEAM = Q48796JV8T;
				ENABLE_NS_ASSERTIONS = NO;
				ENABLE_STRICT_OBJC_MSGSEND = YES;
				ENABLE_USER_SCRIPT_SANDBOXING = YES;
				GCC_C_LANGUAGE_STANDARD = gnu17;
				GCC_NO_COMMON_BLOCKS = YES;
				GCC_WARN_64_TO_32_BIT_CONVERSION = YES;
				GCC_WARN_ABOUT_RETURN_TYPE = YES_ERROR;
				GCC_WARN_UNDECLARED_SELECTOR = YES;
				GCC_WARN_UNINITIALIZED_AUTOS = YES_AGGRESSIVE;
				GCC_WARN_UNUSED_FUNCTION = YES;
				GCC_WARN_UNUSED_VARIABLE = YES;
				IPHONEOS_DEPLOYMENT_TARGET = 18.5;
				LOCALIZATION_PREFERS_STRING_CATALOGS = YES;
				MTL_ENABLE_DEBUG_INFO = NO;
				MTL_FAST_MATH = YES;
				SDKROOT = iphoneos;
				SWIFT_COMPILATION_MODE = wholemodule;
				VALIDATE_PRODUCT = YES;
			};
			name = Release;
		};
		9D03EEE32E871F5C00F3333B /* Debug */ = {
			isa = XCBuildConfiguration;
			buildSettings = {
				ASSETCATALOG_COMPILER_APPICON_NAME = AppIcon;
				ASSETCATALOG_COMPILER_GLOBAL_ACCENT_COLOR_NAME = AccentColor;
				CODE_SIGN_STYLE = Automatic;
				CURRENT_PROJECT_VERSION = 1;
				DEVELOPMENT_TEAM = Q48796JV8T;
				ENABLE_PREVIEWS = YES;
				GENERATE_INFOPLIST_FILE = YES;
				INFOPLIST_KEY_UIApplicationSceneManifest_Generation = YES;
				INFOPLIST_KEY_UIApplicationSupportsIndirectInputEvents = YES;
				INFOPLIST_KEY_UILaunchScreen_Generation = YES;
				INFOPLIST_KEY_UISupportedInterfaceOrientations_iPad = "UIInterfaceOrientationPortrait UIInterfaceOrientationPortraitUpsideDown UIInterfaceOrientationLandscapeLeft UIInterfaceOrientationLandscapeRight";
				INFOPLIST_KEY_UISupportedInterfaceOrientations_iPhone = "UIInterfaceOrientationPortrait UIInterfaceOrientationLandscapeLeft UIInterfaceOrientationLandscapeRight";
				LD_RUNPATH_SEARCH_PATHS = (
					"$(inherited)",
					"@executable_path/Frameworks",
				);
				MARKETING_VERSION = 1.0;
				PRODUCT_BUNDLE_IDENTIFIER = CTC.ColoradoWeather;
				PRODUCT_NAME = "$(TARGET_NAME)";
				SWIFT_EMIT_LOC_STRINGS = YES;
				SWIFT_VERSION = 5.0;
				TARGETED_DEVICE_FAMILY = "1,2";
			};
			name = Debug;
		};
		9D03EEE42E871F5C00F3333B /* Release */ = {
			isa = XCBuildConfiguration;
			buildSettings = {
				ASSETCATALOG_COMPILER_APPICON_NAME = AppIcon;
				ASSETCATALOG_COMPILER_GLOBAL_ACCENT_COLOR_NAME = AccentColor;
				CODE_SIGN_STYLE = Automatic;
				CURRENT_PROJECT_VERSION = 1;
				DEVELOPMENT_TEAM = Q48796JV8T;
				ENABLE_PREVIEWS = YES;
				GENERATE_INFOPLIST_FILE = YES;
				INFOPLIST_KEY_UIApplicationSceneManifest_Generation = YES;
				INFOPLIST_KEY_UIApplicationSupportsIndirectInputEvents = YES;
				INFOPLIST_KEY_UILaunchScreen_Generation = YES;
				INFOPLIST_KEY_UISupportedInterfaceOrientations_iPad = "UIInterfaceOrientationPortrait UIInterfaceOrientationPortraitUpsideDown UIInterfaceOrientationLandscapeLeft UIInterfaceOrientationLandscapeRight";
				INFOPLIST_KEY_UISupportedInterfaceOrientations_iPhone = "UIInterfaceOrientationPortrait UIInterfaceOrientationLandscapeLeft UIInterfaceOrientationLandscapeRight";
				LD_RUNPATH_SEARCH_PATHS = (
					"$(inherited)",
					"@executable_path/Frameworks",
				);
				MARKETING_VERSION = 1.0;
				PRODUCT_BUNDLE_IDENTIFIER = CTC.ColoradoWeather;
				PRODUCT_NAME = "$(TARGET_NAME)";
				SWIFT_EMIT_LOC_STRINGS = YES;
				SWIFT_VERSION = 5.0;
				TARGETED_DEVICE_FAMILY = "1,2";
			};
			name = Release;
		};
		9D03EEE62E871F5C00F3333B /* Debug */ = {
			isa = XCBuildConfiguration;
			buildSettings = {
				BUNDLE_LOADER = "$(TEST_HOST)";
				CODE_SIGN_STYLE = Automatic;
				CURRENT_PROJECT_VERSION = 1;
				DEVELOPMENT_TEAM = Q48796JV8T;
				GENERATE_INFOPLIST_FILE = YES;
				IPHONEOS_DEPLOYMENT_TARGET = 18.5;
				MARKETING_VERSION = 1.0;
				PRODUCT_BUNDLE_IDENTIFIER = CTC.ColoradoWeatherTests;
				PRODUCT_NAME = "$(TARGET_NAME)";
				SWIFT_EMIT_LOC_STRINGS = NO;
				SWIFT_VERSION = 5.0;
				TARGETED_DEVICE_FAMILY = "1,2";
				TEST_HOST = "$(BUILT_PRODUCTS_DIR)/ColoradoWeather.app/$(BUNDLE_EXECUTABLE_FOLDER_PATH)/ColoradoWeather";
			};
			name = Debug;
		};
		9D03EEE72E871F5C00F3333B /* Release */ = {
			isa = XCBuildConfiguration;
			buildSettings = {
				BUNDLE_LOADER = "$(TEST_HOST)";
				CODE_SIGN_STYLE = Automatic;
				CURRENT_PROJECT_VERSION = 1;
				DEVELOPMENT_TEAM = Q48796JV8T;
				GENERATE_INFOPLIST_FILE = YES;
				IPHONEOS_DEPLOYMENT_TARGET = 18.5;
				MARKETING_VERSION = 1.0;
				PRODUCT_BUNDLE_IDENTIFIER = CTC.ColoradoWeatherTests;
				PRODUCT_NAME = "$(TARGET_NAME)";
				SWIFT_EMIT_LOC_STRINGS = NO;
				SWIFT_VERSION = 5.0;
				TARGETED_DEVICE_FAMILY = "1,2";
				TEST_HOST = "$(BUILT_PRODUCTS_DIR)/ColoradoWeather.app/$(BUNDLE_EXECUTABLE_FOLDER_PATH)/ColoradoWeather";
			};
			name = Release;
		};
		9D03EEE92E871F5C00F3333B /* Debug */ = {
			isa = XCBuildConfiguration;
			buildSettings = {
				CODE_SIGN_STYLE = Automatic;
				CURRENT_PROJECT_VERSION = 1;
				DEVELOPMENT_TEAM = Q48796JV8T;
				GENERATE_INFOPLIST_FILE = YES;
				MARKETING_VERSION = 1.0;
				PRODUCT_BUNDLE_IDENTIFIER = CTC.ColoradoWeatherUITests;
				PRODUCT_NAME = "$(TARGET_NAME)";
				SWIFT_EMIT_LOC_STRINGS = NO;
				SWIFT_VERSION = 5.0;
				TARGETED_DEVICE_FAMILY = "1,2";
				TEST_TARGET_NAME = ColoradoWeather;
			};
			name = Debug;
		};
		9D03EEEA2E871F5C00F3333B /* Release */ = {
			isa = XCBuildConfiguration;
			buildSettings = {
				CODE_SIGN_STYLE = Automatic;
				CURRENT_PROJECT_VERSION = 1;
				DEVELOPMENT_TEAM = Q48796JV8T;
				GENERATE_INFOPLIST_FILE = YES;
				MARKETING_VERSION = 1.0;
				PRODUCT_BUNDLE_IDENTIFIER = CTC.ColoradoWeatherUITests;
				PRODUCT_NAME = "$(TARGET_NAME)";
				SWIFT_EMIT_LOC_STRINGS = NO;
				SWIFT_VERSION = 5.0;
				TARGETED_DEVICE_FAMILY = "1,2";
				TEST_TARGET_NAME = ColoradoWeather;
			};
			name = Release;
		};
/* End XCBuildConfiguration section */

/* Begin XCConfigurationList section */
		9D03EEBC2E871F5B00F3333B /* Build configuration list for PBXProject "ColoradoWeather" */ = {
			isa = XCConfigurationList;
			buildConfigurations = (
				9D03EEE02E871F5C00F3333B /* Debug */,
				9D03EEE12E871F5C00F3333B /* Release */,
			);
			defaultConfigurationIsVisible = 0;
			defaultConfigurationName = Release;
		};
		9D03EEE22E871F5C00F3333B /* Build configuration list for PBXNativeTarget "ColoradoWeather" */ = {
			isa = XCConfigurationList;
			buildConfigurations = (
				9D03EEE32E871F5C00F3333B /* Debug */,
				9D03EEE42E871F5C00F3333B /* Release */,
			);
			defaultConfigurationIsVisible = 0;
			defaultConfigurationName = Release;
		};
		9D03EEE52E871F5C00F3333B /* Build configuration list for PBXNativeTarget "ColoradoWeatherTests" */ = {
			isa = XCConfigurationList;
			buildConfigurations = (
				9D03EEE62E871F5C00F3333B /* Debug */,
				9D03EEE72E871F5C00F3333B /* Release */,
			);
			defaultConfigurationIsVisible = 0;
			defaultConfigurationName = Release;
		};
		9D03EEE82E871F5C00F3333B /* Build configuration list for PBXNativeTarget "ColoradoWeatherUITests" */ = {
			isa = XCConfigurationList;
			buildConfigurations = (
				9D03EEE92E871F5C00F3333B /* Debug */,
				9D03EEEA2E871F5C00F3333B /* Release */,
			);
			defaultConfigurationIsVisible = 0;
			defaultConfigurationName = Release;
		};
/* End XCConfigurationList section */
	};
	rootObject = 9D03EEB92E871F5B00F3333B /* Project object */;
}
